<?xml version="1.0" encoding="utf-8"?>
<Project ToolsVersion="4.0" xmlns="http://schemas.microsoft.com/developer/msbuild/2003">
  <ItemGroup>
    <ClCompile Include="pch.cpp" />
    <ClCompile Include="src\graphics\Window_Tests.cpp">
      <Filter>src\graphics</Filter>
    </ClCompile>
    <ClCompile Include="src\gui\GuiSlider_Tests.cpp">
      <Filter>src\gui</Filter>
    </ClCompile>
    <ClCompile Include="src\utils\CommonTypes_Tests.cpp">
      <Filter>src\utils</Filter>
    </ClCompile>
    <ClCompile Include="src\engine\Trigger_Tests.cpp">
      <Filter>src\engine</Filter>
    </ClCompile>
    <ClCompile Include="src\engine\UndoHistory_Tests.cpp">
      <Filter>src\engine</Filter>
    </ClCompile>
    <ClCompile Include="src\audio\AudioBuffer_Tests.cpp" />
    <ClCompile Include="src\audio\Loop_Tests.cpp" />
    <ClCompile Include="src\audio\ChannelMixer_Tests.cpp" />
  </ItemGroup>
  <ItemGroup>
    <ClInclude Include="pch.h" />
  </ItemGroup>
  <ItemGroup>
    <Filter Include="src">
      <UniqueIdentifier>{b99c83ef-efcf-4283-a7d3-dde63a527bb2}</UniqueIdentifier>
    </Filter>
    <Filter Include="src\graphics">
      <UniqueIdentifier>{886bae90-3ad7-4146-b07e-e26f7e5c322a}</UniqueIdentifier>
    </Filter>
    <Filter Include="src\utils">
      <UniqueIdentifier>{c9136b91-b5f6-4cfd-8e17-3a1eebfd5ec5}</UniqueIdentifier>
    </Filter>
    <Filter Include="src\gui">
      <UniqueIdentifier>{ea95c538-c3c3-445c-a4bc-8309ff729115}</UniqueIdentifier>
    </Filter>
    <Filter Include="src\engine">
      <UniqueIdentifier>{2cd22d39-9fc3-4e1a-b5b9-2182899b534e}</UniqueIdentifier>
    </Filter>
  </ItemGroup>
  <ItemGroup>
    <None Include="packages.config" />
  </ItemGroup>
</Project>