<?xml version="1.0" encoding="utf-8"?>
<Project ToolsVersion="4.0" xmlns="http://schemas.microsoft.com/developer/msbuild/2003">
  <ItemGroup>
    <Filter Include="include">
      <UniqueIdentifier>{93995380-89BD-4b04-88EB-625FBE52EBFB}</UniqueIdentifier>
      <Extensions>h;hh;hpp;hxx;hm;inl;inc;ipp;xsd</Extensions>
    </Filter>
    <Filter Include="src">
      <UniqueIdentifier>{4FC737F1-C7A5-4376-A066-2A32D752A2FF}</UniqueIdentifier>
      <Extensions>cpp;c;cc;cxx;def;odl;idl;hpj;bat;asm;asmx</Extensions>
    </Filter>
    <Filter Include="src\audio">
      <UniqueIdentifier>{1b269cbe-9d8c-4410-950b-0f0cd878023f}</UniqueIdentifier>
    </Filter>
    <Filter Include="src\base">
      <UniqueIdentifier>{b54f8506-662d-4ce8-ac55-57f63ec967cf}</UniqueIdentifier>
    </Filter>
    <Filter Include="src\engine">
      <UniqueIdentifier>{b2126494-7af7-409b-b8d4-cc037236024a}</UniqueIdentifier>
    </Filter>
    <Filter Include="src\graphics">
      <UniqueIdentifier>{65a7707a-07f7-444a-a4e9-efd7c2493003}</UniqueIdentifier>
    </Filter>
    <Filter Include="src\gui">
      <UniqueIdentifier>{77e36486-39f7-4fa4-ac5a-8a1b954c1f7c}</UniqueIdentifier>
    </Filter>
    <Filter Include="src\io">
      <UniqueIdentifier>{a49a0725-b49c-4941-b20d-43744206e99b}</UniqueIdentifier>
    </Filter>
    <Filter Include="src\utils">
      <UniqueIdentifier>{c7a3761d-51d9-49e1-ba04-4c5e5605d6ec}</UniqueIdentifier>
    </Filter>
    <Filter Include="src\vst">
      <UniqueIdentifier>{cc7f02cd-798b-49e6-8941-c8459b4ea05b}</UniqueIdentifier>
    </Filter>
    <Filter Include="lib">
      <UniqueIdentifier>{146c3606-20f1-47e4-adb5-271e9b102667}</UniqueIdentifier>
    </Filter>
    <Filter Include="lib\glew">
      <UniqueIdentifier>{84da6a9b-a252-4be8-9e69-df8d00c03431}</UniqueIdentifier>
    </Filter>
    <Filter Include="lib\rtaudio">
      <UniqueIdentifier>{19e1c3df-6944-4954-b584-cdaee6ffa175}</UniqueIdentifier>
    </Filter>
    <Filter Include="lib\opengl">
      <UniqueIdentifier>{60de6999-a304-4272-8428-9480daf4e1a6}</UniqueIdentifier>
    </Filter>
    <Filter Include="lib\opengl\gl">
      <UniqueIdentifier>{451837af-5347-4888-8a7d-0557bf1141cd}</UniqueIdentifier>
    </Filter>
    <Filter Include="src\resources">
      <UniqueIdentifier>{1bb16a90-7c53-4068-abc4-e7bd62de4055}</UniqueIdentifier>
    </Filter>
  </ItemGroup>
  <ItemGroup>
    <ClInclude Include="include\stdafx.h">
      <Filter>include</Filter>
    </ClInclude>
    <ClInclude Include="include\targetver.h">
      <Filter>include</Filter>
    </ClInclude>
    <ClInclude Include="lib\glew\glew.h">
      <Filter>lib\glew</Filter>
    </ClInclude>
    <ClInclude Include="lib\glew\glxew.h">
      <Filter>lib\glew</Filter>
    </ClInclude>
    <ClInclude Include="src\vst\Vst.h">
      <Filter>src\vst</Filter>
    </ClInclude>
    <ClInclude Include="src\engine\UndoHistory.h">
      <Filter>src\engine</Filter>
    </ClInclude>
    <ClInclude Include="src\engine\Trigger.h">
      <Filter>src\engine</Filter>
    </ClInclude>
    <ClInclude Include="src\utils\StringUtils.h">
      <Filter>src\utils</Filter>
    </ClInclude>
    <ClInclude Include="src\engine\Station.h">
      <Filter>src\engine</Filter>
    </ClInclude>
    <ClInclude Include="lib\rtaudio\RtAudio.h">
      <Filter>lib\rtaudio</Filter>
    </ClInclude>
    <ClInclude Include="src\engine\Loop.h">
      <Filter>src\engine</Filter>
    </ClInclude>
    <ClInclude Include="src\io\LoopFile.h">
      <Filter>src\io</Filter>
    </ClInclude>
    <ClInclude Include="src\gui\GuiModel.h">
      <Filter>src\gui</Filter>
    </ClInclude>
    <ClInclude Include="src\base\Action.h">
      <Filter>src\base</Filter>
    </ClInclude>
    <ClInclude Include="src\base\ActionReceiver.h">
      <Filter>src\base</Filter>
    </ClInclude>
    <ClInclude Include="src\base\ActionSender.h">
      <Filter>src\base</Filter>
    </ClInclude>
    <ClInclude Include="src\base\Audible.h">
      <Filter>src\base</Filter>
    </ClInclude>
    <ClInclude Include="src\base\Drawable.h">
      <Filter>src\base</Filter>
    </ClInclude>
    <ClInclude Include="lib\opengl\gl\eglew.h">
      <Filter>lib\opengl\gl</Filter>
    </ClInclude>
    <ClInclude Include="lib\opengl\gl\glew.h">
      <Filter>lib\opengl\gl</Filter>
    </ClInclude>
    <ClInclude Include="lib\opengl\gl\glext.h">
      <Filter>lib\opengl\gl</Filter>
    </ClInclude>
    <ClInclude Include="lib\opengl\gl\glxew.h">
      <Filter>lib\opengl\gl</Filter>
    </ClInclude>
    <ClInclude Include="lib\opengl\gl\wglew.h">
      <Filter>lib\opengl\gl</Filter>
    </ClInclude>
    <ClInclude Include="lib\opengl\gl\wglext.h">
      <Filter>lib\opengl\gl</Filter>
    </ClInclude>
    <ClInclude Include="src\graphics\Image.h">
      <Filter>src\graphics</Filter>
    </ClInclude>
    <ClInclude Include="src\base\DrawContext.h">
      <Filter>src\base</Filter>
    </ClInclude>
    <ClInclude Include="src\graphics\GlDrawContext.h">
      <Filter>src\graphics</Filter>
    </ClInclude>
    <ClInclude Include="src\graphics\Window.h">
      <Filter>include</Filter>
    </ClInclude>
    <ClInclude Include="src\utils\GlUtils.h">
      <Filter>src\utils</Filter>
    </ClInclude>
    <ClInclude Include="src\audio\WavReadWriter.h">
      <Filter>src\audio</Filter>
    </ClInclude>
    <ClInclude Include="src\graphics\Font.h">
      <Filter>src\graphics</Filter>
    </ClInclude>
    <ClInclude Include="src\resources\ResourceLib.h">
      <Filter>src\resources</Filter>
    </ClInclude>
    <ClInclude Include="src\resources\Resource.h">
      <Filter>src\resources</Filter>
    </ClInclude>
    <ClInclude Include="src\gui\GuiButton.h">
      <Filter>src\gui</Filter>
    </ClInclude>
    <ClInclude Include="src\resources\TextureResource.h">
      <Filter>src\resources</Filter>
    </ClInclude>
    <ClInclude Include="src\resources\ShaderResource.h">
      <Filter>src\resources</Filter>
    </ClInclude>
    <ClInclude Include="src\gui\GuiLabel.h">
      <Filter>src</Filter>
    </ClInclude>
    <ClInclude Include="src\utils\FunctionUtils.h">
      <Filter>src\utils</Filter>
    </ClInclude>
    <ClInclude Include="src\utils\ImageUtils.h">
      <Filter>src\utils</Filter>
    </ClInclude>
    <ClInclude Include="src\base\Touchable.h">
      <Filter>src\base</Filter>
    </ClInclude>
    <ClInclude Include="src\base\GuiElement.h">
      <Filter>include</Filter>
    </ClInclude>
    <ClInclude Include="src\gui\GuiGrid.h">
      <Filter>include</Filter>
    </ClInclude>
    <ClInclude Include="src\utils\CommonTypes.h">
      <Filter>include</Filter>
    </ClInclude>
    <ClInclude Include="src\base\Sizeable.h">
      <Filter>include</Filter>
    </ClInclude>
    <ClInclude Include="src\base\Moveable.h">
      <Filter>include</Filter>
    </ClInclude>
    <ClInclude Include="src\actions\CursorAction.h">
      <Filter>include</Filter>
    </ClInclude>
    <ClInclude Include="src\actions\KeyAction.h">
      <Filter>include</Filter>
    </ClInclude>
    <ClInclude Include="src\actions\WindowAction.h">
      <Filter>include</Filter>
    </ClInclude>
    <ClInclude Include="src\actions\TouchAction.h">
      <Filter>include</Filter>
    </ClInclude>
    <ClInclude Include="src\actions\TouchMoveAction.h">
      <Filter>include</Filter>
    </ClInclude>
    <ClInclude Include="src\gui\GuiSlider.h">
      <Filter>include</Filter>
    </ClInclude>
    <ClInclude Include="src\graphics\Shader.h">
      <Filter>src\resources</Filter>
    </ClInclude>
    <ClInclude Include="src\resources\WavResource.h">
      <Filter>include</Filter>
    </ClInclude>
    <ClInclude Include="src\audio\AudioDevice.h">
      <Filter>include</Filter>
    </ClInclude>
    <ClInclude Include="lib\rtaudio\include\iasiodrv.h">
      <Filter>include</Filter>
    </ClInclude>
    <ClInclude Include="lib\rtaudio\include\asiolist.h">
      <Filter>include</Filter>
    </ClInclude>
    <ClInclude Include="lib\rtaudio\include\asiosys.h">
      <Filter>include</Filter>
    </ClInclude>
    <ClInclude Include="lib\rtaudio\include\dsound.h">
      <Filter>include</Filter>
    </ClInclude>
    <ClInclude Include="lib\rtaudio\include\functiondiscoverykeys_devpkey.h">
      <Filter>include</Filter>
    </ClInclude>
    <ClInclude Include="lib\rtaudio\include\ginclude.h">
      <Filter>include</Filter>
    </ClInclude>
    <ClInclude Include="lib\rtaudio\include\asiodrvr.h">
      <Filter>include</Filter>
    </ClInclude>
    <ClInclude Include="lib\rtaudio\include\asiodrivers.h">
      <Filter>include</Filter>
    </ClInclude>
    <ClInclude Include="lib\rtaudio\include\asio.h">
      <Filter>include</Filter>
    </ClInclude>
    <ClInclude Include="lib\rtaudio\include\iasiothiscallresolver.h">
      <Filter>include</Filter>
    </ClInclude>
    <ClInclude Include="lib\rtaudio\include\soundcard.h">
      <Filter>include</Filter>
    </ClInclude>
    <ClInclude Include="src\base\ResourceUser.h">
      <Filter>include</Filter>
    </ClInclude>
    <ClInclude Include="src\audio\AudioMixer.h">
      <Filter>include</Filter>
    </ClInclude>
    <ClInclude Include="src\audio\AudioBuffer.h">
      <Filter>include</Filter>
    </ClInclude>
    <ClInclude Include="src\base\MultiAudible.h">
      <Filter>include</Filter>
    </ClInclude>
    <ClInclude Include="src\engine\LoopTake.h">
      <Filter>include</Filter>
    </ClInclude>
    <ClInclude Include="src\audio\ChannelMixer.h">
      <Filter>include</Filter>
    </ClInclude>
    <ClInclude Include="src\engine\Scene.h">
      <Filter>src\graphics</Filter>
    </ClInclude>
    <ClInclude Include="src\audio\InterpolatedValue.h">
      <Filter>src\audio</Filter>
    </ClInclude>
  </ItemGroup>
  <ItemGroup>
    <ClCompile Include="src\stdafx.cpp">
      <Filter>src</Filter>
    </ClCompile>
    <ClCompile Include="src\base\Audible.cpp">
      <Filter>src\base</Filter>
    </ClCompile>
    <ClCompile Include="src\base\Drawable.cpp">
      <Filter>src\base</Filter>
    </ClCompile>
    <ClCompile Include="src\base\ActionReceiver.cpp">
      <Filter>src\base</Filter>
    </ClCompile>
    <ClCompile Include="src\base\Action.cpp">
      <Filter>src\base</Filter>
    </ClCompile>
    <ClCompile Include="src\base\ActionSender.cpp">
      <Filter>src\base</Filter>
    </ClCompile>
    <ClCompile Include="lib\glew\glew.c">
      <Filter>lib\glew</Filter>
    </ClCompile>
    <ClCompile Include="lib\rtaudio\RtAudio.cpp">
      <Filter>lib\rtaudio</Filter>
    </ClCompile>
    <ClCompile Include="src\vst\Vst.cpp">
      <Filter>src\vst</Filter>
    </ClCompile>
    <ClCompile Include="src\io\LoopFile.cpp">
      <Filter>src\io</Filter>
    </ClCompile>
    <ClCompile Include="src\engine\Station.cpp">
      <Filter>src\engine</Filter>
    </ClCompile>
    <ClCompile Include="src\engine\Loop.cpp">
      <Filter>src\engine</Filter>
    </ClCompile>
    <ClCompile Include="src\utils\StringUtils.cpp">
      <Filter>src\utils</Filter>
    </ClCompile>
    <ClCompile Include="src\engine\Trigger.cpp">
      <Filter>src\engine</Filter>
    </ClCompile>
    <ClCompile Include="src\engine\UndoHistory.cpp">
      <Filter>src\engine</Filter>
    </ClCompile>
    <ClCompile Include="src\graphics\Window.cpp">
      <Filter>src\graphics</Filter>
    </ClCompile>
    <ClCompile Include="src\gui\GuiModel.cpp">
      <Filter>src\gui</Filter>
    </ClCompile>
    <ClCompile Include="src\graphics\Image.cpp">
      <Filter>src\graphics</Filter>
    </ClCompile>
    <ClCompile Include="src\graphics\GlDrawContext.cpp">
      <Filter>src\graphics</Filter>
    </ClCompile>
    <ClCompile Include="src\base\DrawContext.cpp">
      <Filter>src\base</Filter>
    </ClCompile>
    <ClCompile Include="src\utils\GlUtils.cpp">
      <Filter>src\utils</Filter>
    </ClCompile>
    <ClCompile Include="src\audio\WavReadWriter.cpp">
      <Filter>src\audio</Filter>
    </ClCompile>
    <ClCompile Include="src\graphics\Font.cpp">
      <Filter>src\graphics</Filter>
    </ClCompile>
    <ClCompile Include="src\resources\ResourceLib.cpp">
      <Filter>src\resources</Filter>
    </ClCompile>
    <ClCompile Include="src\gui\GuiLabel.cpp">
      <Filter>src</Filter>
    </ClCompile>
    <ClCompile Include="src\gui\GuiButton.cpp">
      <Filter>src\gui</Filter>
    </ClCompile>
    <ClCompile Include="src\resources\TextureResource.cpp">
      <Filter>src\resources</Filter>
    </ClCompile>
    <ClCompile Include="src\resources\ShaderResource.cpp">
      <Filter>src\resources</Filter>
    </ClCompile>
    <ClCompile Include="src\utils\ImageUtils.cpp">
      <Filter>src\utils</Filter>
    </ClCompile>
    <ClCompile Include="src\base\Touchable.cpp">
      <Filter>src\base</Filter>
    </ClCompile>
    <ClCompile Include="src\base\GuiElement.cpp">
      <Filter>src</Filter>
    </ClCompile>
    <ClCompile Include="src\gui\GuiGrid.cpp">
      <Filter>src</Filter>
    </ClCompile>
    <ClCompile Include="src\base\Sizeable.cpp">
      <Filter>src</Filter>
    </ClCompile>
    <ClCompile Include="src\base\Moveable.cpp">
      <Filter>src</Filter>
    </ClCompile>
    <ClCompile Include="src\actions\CursorAction.cpp">
      <Filter>src</Filter>
    </ClCompile>
    <ClCompile Include="src\actions\KeyAction.cpp">
      <Filter>src</Filter>
    </ClCompile>
    <ClCompile Include="src\actions\WindowAction.cpp">
      <Filter>src</Filter>
    </ClCompile>
    <ClCompile Include="src\actions\TouchAction.cpp">
      <Filter>src</Filter>
    </ClCompile>
    <ClCompile Include="src\actions\TouchMoveAction.cpp">
      <Filter>src</Filter>
    </ClCompile>
    <ClCompile Include="src\gui\GuiSlider.cpp">
      <Filter>src</Filter>
    </ClCompile>
    <ClCompile Include="src\graphics\Shader.cpp">
      <Filter>src\resources</Filter>
    </ClCompile>
    <ClCompile Include="src\resources\WavResource.cpp">
      <Filter>src</Filter>
    </ClCompile>
    <ClCompile Include="src\audio\AudioDevice.cpp">
      <Filter>src</Filter>
    </ClCompile>
    <ClCompile Include="lib\rtaudio\include\asiodrivers.cpp">
      <Filter>src</Filter>
    </ClCompile>
    <ClCompile Include="lib\rtaudio\include\asiolist.cpp">
      <Filter>src</Filter>
    </ClCompile>
    <ClCompile Include="lib\rtaudio\include\iasiothiscallresolver.cpp">
      <Filter>src</Filter>
    </ClCompile>
    <ClCompile Include="lib\rtaudio\include\asio.cpp">
      <Filter>src</Filter>
    </ClCompile>
    <ClCompile Include="src\base\ResourceUser.cpp">
      <Filter>src</Filter>
    </ClCompile>
    <ClCompile Include="src\audio\AudioMixer.cpp">
      <Filter>src</Filter>
    </ClCompile>
    <ClCompile Include="src\audio\AudioBuffer.cpp">
      <Filter>src</Filter>
    </ClCompile>
    <ClCompile Include="src\base\MultiAudible.cpp">
      <Filter>src</Filter>
    </ClCompile>
    <ClCompile Include="src\engine\LoopTake.cpp">
      <Filter>src</Filter>
    </ClCompile>
    <ClCompile Include="src\audio\ChannelMixer.cpp">
      <Filter>src</Filter>
    </ClCompile>
    <ClCompile Include="src\engine\Scene.cpp">
      <Filter>src\graphics</Filter>
    </ClCompile>
    <ClCompile Include="src\audio\InterpolatedValue.cpp">
      <Filter>src\audio</Filter>
    </ClCompile>
  </ItemGroup>
</Project>