<?xml version="1.0" encoding="utf-8"?>
<Project ToolsVersion="4.0" xmlns="http://schemas.microsoft.com/developer/msbuild/2003">
  <ItemGroup>
    <ClCompile Include="src\Main.cpp">
      <Filter>src</Filter>
    </ClCompile>
  </ItemGroup>
  <ItemGroup>
    <ClInclude Include="include\Main.h">
      <Filter>include</Filter>
    </ClInclude>
  </ItemGroup>
  <ItemGroup>
    <Filter Include="include">
      <UniqueIdentifier>{00c195fa-53e4-49d1-bc3f-e680e35de4fd}</UniqueIdentifier>
    </Filter>
    <Filter Include="src">
      <UniqueIdentifier>{d1253717-1578-4688-bbfe-1097f5521480}</UniqueIdentifier>
    </Filter>
    <Filter Include="dependencies">
      <UniqueIdentifier>{70bded0b-1343-45b2-883b-7e9dcf5d09da}</UniqueIdentifier>
    </Filter>
    <Filter Include="dependencies\glew">
      <UniqueIdentifier>{0f85df1e-ad9b-4d25-9197-19eca304000c}</UniqueIdentifier>
    </Filter>
    <Filter Include="dependencies\rtaudio">
      <UniqueIdentifier>{df693537-a715-4456-92a5-04373ad81351}</UniqueIdentifier>
    </Filter>
  </ItemGroup>
</Project>